
Microsoft Visual Studio Solution File, Format Version 12.00
# Visual Studio Version 17
VisualStudioVersion = 17.2.32630.192
MinimumVisualStudioVersion = 10.0.40219.1
Project("{9A19103F-16F7-4668-BE54-9A1E7A4F7556}") = "Zurich.Connector.Web", "Zurich.Connector.Web\Zurich.Connector.Web.csproj", "{B927B007-68A8-4534-BBF5-EAFA5B1513DA}"
EndProject
Project("{9A19103F-16F7-4668-BE54-9A1E7A4F7556}") = "Zurich.Connector.App", "Zurich.Connector.App\Zurich.Connector.App.csproj", "{15DE6283-F04B-4671-9640-CB8FB62C9863}"
EndProject
Project("{9A19103F-16F7-4668-BE54-9A1E7A4F7556}") = "Zurich.Connector.Tests", "Zurich.Connector.Tests\Zurich.Connector.Tests.csproj", "{3AFCCC43-EBD4-4290-9806-A43F042CE4DA}"
EndProject
Project("{9A19103F-16F7-4668-BE54-9A1E7A4F7556}") = "Zurich.Connector.Data", "Zurich.Connector.Data\Zurich.Connector.Data.csproj", "{FB9D8BF5-770A-4260-85E9-32FD5B802E87}"
EndProject
Project("{9A19103F-16F7-4668-BE54-9A1E7A4F7556}") = "Zurich.Connector.IntegrationTests", "Zurich.Connector.IntegrationTests\Zurich.Connector.IntegrationTests.csproj", "{77AF84CC-88AA-4F54-BC5D-E9AE2F72E7C0}"
EndProject
Project("{9A19103F-16F7-4668-BE54-9A1E7A4F7556}") = "Zurich.Connector.Durable", "Zurich.Connector.Durable\Zurich.Connector.Durable.csproj", "{7F3C9976-D98C-4E23-A9BF-EE2834347181}"
EndProject
Global
	GlobalSection(SolutionConfigurationPlatforms) = preSolution
		Debug|Any CPU = Debug|Any CPU
		Release|Any CPU = Release|Any CPU
	EndGlobalSection
	GlobalSection(ProjectConfigurationPlatforms) = postSolution
		{B927B007-68A8-4534-BBF5-EAFA5B1513DA}.Debug|Any CPU.ActiveCfg = Debug|Any CPU
		{B927B007-68A8-4534-BBF5-EAFA5B1513DA}.Debug|Any CPU.Build.0 = Debug|Any CPU
		{B927B007-68A8-4534-BBF5-EAFA5B1513DA}.Release|Any CPU.ActiveCfg = Release|Any CPU
		{B927B007-68A8-4534-BBF5-EAFA5B1513DA}.Release|Any CPU.Build.0 = Release|Any CPU
		{15DE6283-F04B-4671-9640-CB8FB62C9863}.Debug|Any CPU.ActiveCfg = Debug|Any CPU
		{15DE6283-F04B-4671-9640-CB8FB62C9863}.Debug|Any CPU.Build.0 = Debug|Any CPU
		{15DE6283-F04B-4671-9640-CB8FB62C9863}.Release|Any CPU.ActiveCfg = Release|Any CPU
		{15DE6283-F04B-4671-9640-CB8FB62C9863}.Release|Any CPU.Build.0 = Release|Any CPU
		{3AFCCC43-EBD4-4290-9806-A43F042CE4DA}.Debug|Any CPU.ActiveCfg = Debug|Any CPU
		{3AFCCC43-EBD4-4290-9806-A43F042CE4DA}.Debug|Any CPU.Build.0 = Debug|Any CPU
		{3AFCCC43-EBD4-4290-9806-A43F042CE4DA}.Release|Any CPU.ActiveCfg = Release|Any CPU
		{3AFCCC43-EBD4-4290-9806-A43F042CE4DA}.Release|Any CPU.Build.0 = Release|Any CPU
		{FB9D8BF5-770A-4260-85E9-32FD5B802E87}.Debug|Any CPU.ActiveCfg = Debug|Any CPU
		{FB9D8BF5-770A-4260-85E9-32FD5B802E87}.Debug|Any CPU.Build.0 = Debug|Any CPU
		{FB9D8BF5-770A-4260-85E9-32FD5B802E87}.Release|Any CPU.ActiveCfg = Release|Any CPU
		{FB9D8BF5-770A-4260-85E9-32FD5B802E87}.Release|Any CPU.Build.0 = Release|Any CPU
		{77AF84CC-88AA-4F54-BC5D-E9AE2F72E7C0}.Debug|Any CPU.ActiveCfg = Debug|Any CPU
		{77AF84CC-88AA-4F54-BC5D-E9AE2F72E7C0}.Debug|Any CPU.Build.0 = Debug|Any CPU
		{77AF84CC-88AA-4F54-BC5D-E9AE2F72E7C0}.Release|Any CPU.ActiveCfg = Release|Any CPU
		{77AF84CC-88AA-4F54-BC5D-E9AE2F72E7C0}.Release|Any CPU.Build.0 = Release|Any CPU
		{7F3C9976-D98C-4E23-A9BF-EE2834347181}.Debug|Any CPU.ActiveCfg = Debug|Any CPU
		{7F3C9976-D98C-4E23-A9BF-EE2834347181}.Debug|Any CPU.Build.0 = Debug|Any CPU
		{7F3C9976-D98C-4E23-A9BF-EE2834347181}.Release|Any CPU.ActiveCfg = Release|Any CPU
		{7F3C9976-D98C-4E23-A9BF-EE2834347181}.Release|Any CPU.Build.0 = Release|Any CPU
	EndGlobalSection
	GlobalSection(SolutionProperties) = preSolution
		HideSolutionNode = FALSE
	EndGlobalSection
	GlobalSection(ExtensibilityGlobals) = postSolution
		SolutionGuid = {F8EF4D17-D4EF-4D44-AE93-EEA79309472F}
	EndGlobalSection
EndGlobal
