
Microsoft Visual Studio Solution File, Format Version 12.00
# Visual Studio Version 17
VisualStudioVersion = 17.2.32630.192
MinimumVisualStudioVersion = 10.0.40219.1
Project("{9A19103F-16F7-4668-BE54-9A1E7A4F7556}") = "Zurich.Connector.Web", "Zurich.Connector.Web\Zurich.Connector.Web.csproj", "{B927B007-68A8-4534-BBF5-EAFA5B1513DA}"
EndProject
Project("{9A19103F-16F7-4668-BE54-9A1E7A4F7556}") = "Zurich.Connector.App", "Zurich.Connector.App\Zurich.Connector.App.csproj", "{15DE6283-F04B-4671-9640-CB8FB62C9863}"
EndProject
Project("{9A19103F-16F7-4668-BE54-9A1E7A4F7556}") = "Zurich.Connector.Tests", "Zurich.Connector.Tests\Zurich.Connector.Tests.csproj", "{3AFCCC43-EBD4-4290-9806-A43F042CE4DA}"
EndProject
Project("{9A19103F-16F7-4668-BE54-9A1E7A4F7556}") = "Zurich.Connector.Data", "Zurich.Connector.Data\Zurich.Connector.Data.csproj", "{FB9D8BF5-770A-4260-85E9-32FD5B802E87}"
EndProject
Project("{9A19103F-16F7-4668-BE54-9A1E7A4F7556}") = "Zurich.Connector.IntegrationTests", "Zurich.Connector.IntegrationTests\Zurich.Connector.IntegrationTests.csproj", "{77AF84CC-88AA-4F54-BC5D-E9AE2F72E7C0}"
EndProject
Project("{9A19103F-16F7-4668-BE54-9A1E7A4F7556}") = "Zurich.Connector.Durable", "Zurich.Connector.Durable\Zurich.Connector.Durable.csproj", "{7F3C9976-D98C-4E23-A9BF-EE2834347181}"
EndProject
Project("{9A19103F-16F7-4668-BE54-9A1E7A4F7556}") = "Zurich.CIAMData", "..\..\ZurichCommon\Zurich.Common\Zurich.CIAMData\Zurich.CIAMData.csproj", "{CA6E3E9F-DDE9-4E6B-823F-97D3564EB35B}"
EndProject
Project("{9A19103F-16F7-4668-BE54-9A1E7A4F7556}") = "Zurich.Common", "..\..\ZurichCommon\Zurich.Common\Zurich.Common\Zurich.Common.csproj", "{29ED354D-C384-4C7B-A59B-3C51FCE893A1}"
EndProject
Project("{9A19103F-16F7-4668-BE54-9A1E7A4F7556}") = "Zurich.Common.Testing", "..\..\ZurichCommon\Zurich.Common\Zurich.Common.Testing\Zurich.Common.Testing.csproj", "{6F49CA38-317B-4510-9B9F-1CF5C24CA95D}"
EndProject
Project("{9A19103F-16F7-4668-BE54-9A1E7A4F7556}") = "Zurich.ProductData", "..\..\ZurichCommon\Zurich.Common\Zurich.ProductData\Zurich.ProductData.csproj", "{75C63DAB-7E06-4AC7-AFDE-EB7780FD2D42}"
EndProject
Project("{9A19103F-16F7-4668-BE54-9A1E7A4F7556}") = "Zurich.TenantData", "..\..\ZurichCommon\Zurich.Common\Zurich.TenantData\Zurich.TenantData.csproj", "{368D3EDF-0B4D-4B42-A79F-BF4C0A807DDC}"
EndProject
Global
	GlobalSection(SolutionConfigurationPlatforms) = preSolution
		Debug|Any CPU = Debug|Any CPU
		Release|Any CPU = Release|Any CPU
	EndGlobalSection
	GlobalSection(ProjectConfigurationPlatforms) = postSolution
		{B927B007-68A8-4534-BBF5-EAFA5B1513DA}.Debug|Any CPU.ActiveCfg = Debug|Any CPU
		{B927B007-68A8-4534-BBF5-EAFA5B1513DA}.Debug|Any CPU.Build.0 = Debug|Any CPU
		{B927B007-68A8-4534-BBF5-EAFA5B1513DA}.Release|Any CPU.ActiveCfg = Release|Any CPU
		{B927B007-68A8-4534-BBF5-EAFA5B1513DA}.Release|Any CPU.Build.0 = Release|Any CPU
		{15DE6283-F04B-4671-9640-CB8FB62C9863}.Debug|Any CPU.ActiveCfg = Debug|Any CPU
		{15DE6283-F04B-4671-9640-CB8FB62C9863}.Debug|Any CPU.Build.0 = Debug|Any CPU
		{15DE6283-F04B-4671-9640-CB8FB62C9863}.Release|Any CPU.ActiveCfg = Release|Any CPU
		{15DE6283-F04B-4671-9640-CB8FB62C9863}.Release|Any CPU.Build.0 = Release|Any CPU
		{3AFCCC43-EBD4-4290-9806-A43F042CE4DA}.Debug|Any CPU.ActiveCfg = Debug|Any CPU
		{3AFCCC43-EBD4-4290-9806-A43F042CE4DA}.Debug|Any CPU.Build.0 = Debug|Any CPU
		{3AFCCC43-EBD4-4290-9806-A43F042CE4DA}.Release|Any CPU.ActiveCfg = Release|Any CPU
		{3AFCCC43-EBD4-4290-9806-A43F042CE4DA}.Release|Any CPU.Build.0 = Release|Any CPU
		{FB9D8BF5-770A-4260-85E9-32FD5B802E87}.Debug|Any CPU.ActiveCfg = Debug|Any CPU
		{FB9D8BF5-770A-4260-85E9-32FD5B802E87}.Debug|Any CPU.Build.0 = Debug|Any CPU
		{FB9D8BF5-770A-4260-85E9-32FD5B802E87}.Release|Any CPU.ActiveCfg = Release|Any CPU
		{FB9D8BF5-770A-4260-85E9-32FD5B802E87}.Release|Any CPU.Build.0 = Release|Any CPU
		{77AF84CC-88AA-4F54-BC5D-E9AE2F72E7C0}.Debug|Any CPU.ActiveCfg = Debug|Any CPU
		{77AF84CC-88AA-4F54-BC5D-E9AE2F72E7C0}.Debug|Any CPU.Build.0 = Debug|Any CPU
		{77AF84CC-88AA-4F54-BC5D-E9AE2F72E7C0}.Release|Any CPU.ActiveCfg = Release|Any CPU
		{77AF84CC-88AA-4F54-BC5D-E9AE2F72E7C0}.Release|Any CPU.Build.0 = Release|Any CPU
		{7F3C9976-D98C-4E23-A9BF-EE2834347181}.Debug|Any CPU.ActiveCfg = Debug|Any CPU
		{7F3C9976-D98C-4E23-A9BF-EE2834347181}.Debug|Any CPU.Build.0 = Debug|Any CPU
		{7F3C9976-D98C-4E23-A9BF-EE2834347181}.Release|Any CPU.ActiveCfg = Release|Any CPU
		{7F3C9976-D98C-4E23-A9BF-EE2834347181}.Release|Any CPU.Build.0 = Release|Any CPU
		{CA6E3E9F-DDE9-4E6B-823F-97D3564EB35B}.Debug|Any CPU.ActiveCfg = Debug|Any CPU
		{CA6E3E9F-DDE9-4E6B-823F-97D3564EB35B}.Debug|Any CPU.Build.0 = Debug|Any CPU
		{CA6E3E9F-DDE9-4E6B-823F-97D3564EB35B}.Release|Any CPU.ActiveCfg = Release|Any CPU
		{CA6E3E9F-DDE9-4E6B-823F-97D3564EB35B}.Release|Any CPU.Build.0 = Release|Any CPU
		{29ED354D-C384-4C7B-A59B-3C51FCE893A1}.Debug|Any CPU.ActiveCfg = Debug|Any CPU
		{29ED354D-C384-4C7B-A59B-3C51FCE893A1}.Debug|Any CPU.Build.0 = Debug|Any CPU
		{29ED354D-C384-4C7B-A59B-3C51FCE893A1}.Release|Any CPU.ActiveCfg = Release|Any CPU
		{29ED354D-C384-4C7B-A59B-3C51FCE893A1}.Release|Any CPU.Build.0 = Release|Any CPU
		{6F49CA38-317B-4510-9B9F-1CF5C24CA95D}.Debug|Any CPU.ActiveCfg = Debug|Any CPU
		{6F49CA38-317B-4510-9B9F-1CF5C24CA95D}.Debug|Any CPU.Build.0 = Debug|Any CPU
		{6F49CA38-317B-4510-9B9F-1CF5C24CA95D}.Release|Any CPU.ActiveCfg = Release|Any CPU
		{6F49CA38-317B-4510-9B9F-1CF5C24CA95D}.Release|Any CPU.Build.0 = Release|Any CPU
		{75C63DAB-7E06-4AC7-AFDE-EB7780FD2D42}.Debug|Any CPU.ActiveCfg = Debug|Any CPU
		{75C63DAB-7E06-4AC7-AFDE-EB7780FD2D42}.Debug|Any CPU.Build.0 = Debug|Any CPU
		{75C63DAB-7E06-4AC7-AFDE-EB7780FD2D42}.Release|Any CPU.ActiveCfg = Release|Any CPU
		{75C63DAB-7E06-4AC7-AFDE-EB7780FD2D42}.Release|Any CPU.Build.0 = Release|Any CPU
		{368D3EDF-0B4D-4B42-A79F-BF4C0A807DDC}.Debug|Any CPU.ActiveCfg = Debug|Any CPU
		{368D3EDF-0B4D-4B42-A79F-BF4C0A807DDC}.Debug|Any CPU.Build.0 = Debug|Any CPU
		{368D3EDF-0B4D-4B42-A79F-BF4C0A807DDC}.Release|Any CPU.ActiveCfg = Release|Any CPU
		{368D3EDF-0B4D-4B42-A79F-BF4C0A807DDC}.Release|Any CPU.Build.0 = Release|Any CPU
	EndGlobalSection
	GlobalSection(SolutionProperties) = preSolution
		HideSolutionNode = FALSE
	EndGlobalSection
	GlobalSection(ExtensibilityGlobals) = postSolution
		SolutionGuid = {F8EF4D17-D4EF-4D44-AE93-EEA79309472F}
	EndGlobalSection
EndGlobal
